<?xml version="1.0" encoding="utf-8"?>
<Project ToolsVersion="4.0" xmlns="http://schemas.microsoft.com/developer/msbuild/2003">
  <ItemGroup>
    <Filter Include="Source Files">
      <UniqueIdentifier>{fb9dc4fe-c315-4e9e-a266-3c752f91a96c}</UniqueIdentifier>
      <Extensions>cpp;c;cxx;rc;def;r;odl;idl;hpj;bat</Extensions>
    </Filter>
    <Filter Include="Header Files">
      <UniqueIdentifier>{59f70706-0fbf-487b-9311-dc30fa38a69c}</UniqueIdentifier>
      <Extensions>h;hpp;hxx;hm;inl</Extensions>
    </Filter>
    <Filter Include="Resource Files">
      <UniqueIdentifier>{aafafc81-9d43-4bdb-afab-2082242e6eca}</UniqueIdentifier>
      <Extensions>ico;cur;bmp;dlg;rc2;rct;bin;rgs;gif;jpg;jpeg;jpe</Extensions>
    </Filter>
  </ItemGroup>
  <ItemGroup>
    <ClCompile Include="..\lib\opengl2d3d\GLU2D3D.cc">
      <Filter>Source Files</Filter>
    </ClCompile>
    <ClCompile Include="vc7fix.cpp">
      <Filter>Source Files</Filter>
    </ClCompile>
  </ItemGroup>
  <ItemGroup>
    <ClInclude Include="..\lib\opengl2d3d\gllist.h">
      <Filter>Header Files</Filter>
    </ClInclude>
    <ClInclude Include="..\lib\opengl2d3d\GLU2D3D.h">
      <Filter>Header Files</Filter>
    </ClInclude>
    <ClInclude Include="..\lib\opengl2d3d\OpenGL2D3D.h">
      <Filter>Header Files</Filter>
    </ClInclude>
  </ItemGroup>
  <ItemGroup>
    <None Include="..\lib\opengl2d3d\glu2d3d.def">
      <Filter>Resource Files</Filter>
    </None>
  </ItemGroup>
</Project>