<?xml version="1.0" encoding="utf-8"?>
<Project ToolsVersion="4.0" xmlns="http://schemas.microsoft.com/developer/msbuild/2003">
  <ItemGroup>
    <Filter Include="Source Files">
      <UniqueIdentifier>{9d26135b-333e-4801-a5fe-32e600d081d5}</UniqueIdentifier>
      <Extensions>cpp;c;cxx;rc;def;r;odl;idl;hpj;bat</Extensions>
    </Filter>
    <Filter Include="Header Files">
      <UniqueIdentifier>{9acb4405-d007-4169-a9e9-d93b3de7067a}</UniqueIdentifier>
      <Extensions>h;hpp;hxx;hm;inl</Extensions>
    </Filter>
    <Filter Include="Resource Files">
      <UniqueIdentifier>{ced9bd80-54a4-47b8-b97a-df71d7bb4434}</UniqueIdentifier>
      <Extensions>ico;cur;bmp;dlg;rc2;rct;bin;rgs;gif;jpg;jpeg;jpe</Extensions>
    </Filter>
  </ItemGroup>
  <ItemGroup>
    <ClCompile Include="..\tools\max2dtsExporter\exportUtil.cc">
      <Filter>Source Files</Filter>
    </ClCompile>
    <ClCompile Include="..\tools\max2dtsExporter\main.cc">
      <Filter>Source Files</Filter>
    </ClCompile>
    <ClCompile Include="..\tools\max2dtsExporter\maxUtil.cc">
      <Filter>Source Files</Filter>
    </ClCompile>
    <ClCompile Include="..\tools\max2dtsExporter\NvTriStripObjects.cc">
      <Filter>Source Files</Filter>
    </ClCompile>
    <ClCompile Include="..\tools\max2dtsExporter\NvVertexCache.cc">
      <Filter>Source Files</Filter>
    </ClCompile>
    <ClCompile Include="..\tools\max2dtsExporter\SceneEnum.cc">
      <Filter>Source Files</Filter>
    </ClCompile>
    <ClCompile Include="..\tools\max2dtsExporter\sequence.cc">
      <Filter>Source Files</Filter>
    </ClCompile>
    <ClCompile Include="..\tools\max2dtsExporter\ShapeMimic.cc">
      <Filter>Source Files</Filter>
    </ClCompile>
    <ClCompile Include="..\tools\max2dtsExporter\skinHelper.cc">
      <Filter>Source Files</Filter>
    </ClCompile>
    <ClCompile Include="..\tools\max2dtsExporter\stripper.cc">
      <Filter>Source Files</Filter>
    </ClCompile>
    <ClCompile Include="..\tools\max2dtsExporter\translucentSort.cc">
      <Filter>Source Files</Filter>
    </ClCompile>
    <ClCompile Include="vc7fix.cpp">
      <Filter>Source Files</Filter>
    </ClCompile>
  </ItemGroup>
  <ItemGroup>
    <ClInclude Include="..\tools\max2dtsExporter\exporter.h">
      <Filter>Header Files</Filter>
    </ClInclude>
    <ClInclude Include="..\tools\max2dtsExporter\exportUtil.h">
      <Filter>Header Files</Filter>
    </ClInclude>
    <ClInclude Include="..\tools\max2dtsExporter\maxUtil.h">
      <Filter>Header Files</Filter>
    </ClInclude>
    <ClInclude Include="..\tools\max2dtsExporter\NvTriStripObjects.h">
      <Filter>Header Files</Filter>
    </ClInclude>
    <ClInclude Include="..\tools\max2dtsExporter\NvVertexCache.h">
      <Filter>Header Files</Filter>
    </ClInclude>
    <ClInclude Include="..\tools\max2dtsExporter\SceneEnum.h">
      <Filter>Header Files</Filter>
    </ClInclude>
    <ClInclude Include="..\tools\max2dtsExporter\Sequence.h">
      <Filter>Header Files</Filter>
    </ClInclude>
    <ClInclude Include="..\tools\max2dtsExporter\ShapeMimic.h">
      <Filter>Header Files</Filter>
    </ClInclude>
    <ClInclude Include="..\tools\max2dtsExporter\skinHelper.h">
      <Filter>Header Files</Filter>
    </ClInclude>
    <ClInclude Include="..\tools\max2dtsExporter\stripper.h">
      <Filter>Header Files</Filter>
    </ClInclude>
    <ClInclude Include="..\tools\max2dtsExporter\translucentSort.h">
      <Filter>Header Files</Filter>
    </ClInclude>
  </ItemGroup>
  <ItemGroup>
    <None Include="..\tools\max2dtsExporter\exporter.def">
      <Filter>Resource Files</Filter>
    </None>
  </ItemGroup>
  <ItemGroup>
    <ResourceCompile Include="..\tools\max2dtsExporter\exporter.rc">
      <Filter>Resource Files</Filter>
    </ResourceCompile>
  </ItemGroup>
</Project>