Microsoft Visual Studio Solution File, Format Version 12.00
# Visual Studio Version 17
VisualStudioVersion = 17.1.32414.318
MinimumVisualStudioVersion = 10.0.40219.1
Project("{8BC9CEB8-8B4A-11D0-8D11-00A0C91BC942}") = "TorqueDemo", "Torque Demo.vcxproj", "{675E4CC6-B011-4587-88F7-483A130BF218}"
EndProject
Project("{8BC9CEB8-8B4A-11D0-8D11-00A0C91BC942}") = "Torque Tool Lib", "Torque Tool Lib.vcxproj", "{B0C44BD5-406D-4095-A5F6-2F36733014E7}"
EndProject
Project("{8BC9CEB8-8B4A-11D0-8D11-00A0C91BC942}") = "buildWad", "buildWad.vcxproj", "{3232A0B0-9DE6-434A-88C8-06833691B9A8}"
EndProject
Project("{8BC9CEB8-8B4A-11D0-8D11-00A0C91BC942}") = "dtsSDK", "dtsSDK.vcxproj", "{8B33F5F9-41A2-4365-8310-C52BE51B0D97}"
EndProject
Project("{8BC9CEB8-8B4A-11D0-8D11-00A0C91BC942}") = "ljpeg", "ljpeg.vcxproj", "{15521B64-0586-4404-9CF8-9590C13615B9}"
EndProject
Project("{8BC9CEB8-8B4A-11D0-8D11-00A0C91BC942}") = "lpng", "lpng.vcxproj", "{EA11FDAA-7D0A-49A9-97A0-E28E78609516}"
EndProject
Project("{8BC9CEB8-8B4A-11D0-8D11-00A0C91BC942}") = "lungif", "lungif.vcxproj", "{43A0670A-B1B9-4146-AF72-413E339C3FAE}"
EndProject
Project("{8BC9CEB8-8B4A-11D0-8D11-00A0C91BC942}") = "map2dif", "map2dif.vcxproj", "{72645D1D-C1D3-45BC-9C26-C994BCBFA0B0}"
EndProject
Project("{8BC9CEB8-8B4A-11D0-8D11-00A0C91BC942}") = "max2dtsExporter Max3", "max2dtsExporter_Max3.vcxproj", "{0D374C53-0086-40D3-864C-406A0AADAB08}"
EndProject
Project("{8BC9CEB8-8B4A-11D0-8D11-00A0C91BC942}") = "max2dtsExporter Max4", "max2dtsExporter_Max4.vcxproj", "{30AE0A2F-6A7B-4680-B346-A442F92EBED3}"
EndProject
Project("{8BC9CEB8-8B4A-11D0-8D11-00A0C91BC942}") = "ms2dtsExporter", "ms2dtsExporter.vcxproj", "{5580CE27-80F7-4209-8504-89E18302CC4B}"
EndProject
Project("{8BC9CEB8-8B4A-11D0-8D11-00A0C91BC942}") = "zlib", "zlib.vcxproj", "{2777026F-82E7-484B-8E1E-53637B7820D5}"
EndProject
Project("{8BC9CEB8-8B4A-11D0-8D11-00A0C91BC942}") = "map2dif plus", "map2dif plus.vcxproj", "{CA4D37D5-5968-4F3A-9D56-06B21F9441D1}"
EndProject
Project("{8BC9CEB8-8B4A-11D0-8D11-00A0C91BC942}") = "langc", "langc.vcxproj", "{310B2258-B64F-4918-BC7B-952CE30F2143}"
EndProject
Project("{8BC9CEB8-8B4A-11D0-8D11-00A0C91BC942}") = "fonttool", "fonttool.vcxproj", "{DE90A6E5-CBB7-4D05-BA33-19772F8E7929}"
EndProject
Global
	GlobalSection(SolutionConfigurationPlatforms) = preSolution
		Debug|x64 = Debug|x64
		Debug|x86 = Debug|x86
		Hybrid|x64 = Hybrid|x64
		Hybrid|x86 = Hybrid|x86
		Release|x64 = Release|x64
		Release|x86 = Release|x86
	EndGlobalSection
	GlobalSection(ProjectConfigurationPlatforms) = postSolution
		{675E4CC6-B011-4587-88F7-483A130BF218}.Debug|x64.ActiveCfg = Debug|x64
		{675E4CC6-B011-4587-88F7-483A130BF218}.Debug|x64.Build.0 = Debug|x64
		{675E4CC6-B011-4587-88F7-483A130BF218}.Debug|x86.ActiveCfg = Debug|Win32
		{675E4CC6-B011-4587-88F7-483A130BF218}.Debug|x86.Build.0 = Debug|Win32
		{675E4CC6-B011-4587-88F7-483A130BF218}.Hybrid|x64.ActiveCfg = Release|Win32
		{675E4CC6-B011-4587-88F7-483A130BF218}.Hybrid|x64.Build.0 = Release|Win32
		{675E4CC6-B011-4587-88F7-483A130BF218}.Hybrid|x86.ActiveCfg = Debug|Win32
		{675E4CC6-B011-4587-88F7-483A130BF218}.Hybrid|x86.Build.0 = Debug|Win32
		{675E4CC6-B011-4587-88F7-483A130BF218}.Release|x64.ActiveCfg = Release|x64
		{675E4CC6-B011-4587-88F7-483A130BF218}.Release|x64.Build.0 = Release|x64
		{675E4CC6-B011-4587-88F7-483A130BF218}.Release|x86.ActiveCfg = Release|Win32
		{675E4CC6-B011-4587-88F7-483A130BF218}.Release|x86.Build.0 = Release|Win32
		{B0C44BD5-406D-4095-A5F6-2F36733014E7}.Debug|x64.ActiveCfg = Debug|Win32
		{B0C44BD5-406D-4095-A5F6-2F36733014E7}.Debug|x86.ActiveCfg = Debug|Win32
		{B0C44BD5-406D-4095-A5F6-2F36733014E7}.Debug|x86.Build.0 = Debug|Win32
		{B0C44BD5-406D-4095-A5F6-2F36733014E7}.Hybrid|x64.ActiveCfg = Release|Win32
		{B0C44BD5-406D-4095-A5F6-2F36733014E7}.Hybrid|x86.ActiveCfg = Debug|Win32
		{B0C44BD5-406D-4095-A5F6-2F36733014E7}.Hybrid|x86.Build.0 = Debug|Win32
		{B0C44BD5-406D-4095-A5F6-2F36733014E7}.Release|x64.ActiveCfg = Release|Win32
		{B0C44BD5-406D-4095-A5F6-2F36733014E7}.Release|x86.ActiveCfg = Release|Win32
		{B0C44BD5-406D-4095-A5F6-2F36733014E7}.Release|x86.Build.0 = Release|Win32
		{3232A0B0-9DE6-434A-88C8-06833691B9A8}.Debug|x64.ActiveCfg = Debug|Win32
		{3232A0B0-9DE6-434A-88C8-06833691B9A8}.Debug|x64.Build.0 = Debug|Win32
		{3232A0B0-9DE6-434A-88C8-06833691B9A8}.Debug|x86.ActiveCfg = Debug|Win32
		{3232A0B0-9DE6-434A-88C8-06833691B9A8}.Debug|x86.Build.0 = Debug|Win32
		{3232A0B0-9DE6-434A-88C8-06833691B9A8}.Hybrid|x64.ActiveCfg = Release|Win32
		{3232A0B0-9DE6-434A-88C8-06833691B9A8}.Hybrid|x64.Build.0 = Release|Win32
		{3232A0B0-9DE6-434A-88C8-06833691B9A8}.Hybrid|x86.ActiveCfg = Debug|Win32
		{3232A0B0-9DE6-434A-88C8-06833691B9A8}.Hybrid|x86.Build.0 = Debug|Win32
		{3232A0B0-9DE6-434A-88C8-06833691B9A8}.Release|x64.ActiveCfg = Release|Win32
		{3232A0B0-9DE6-434A-88C8-06833691B9A8}.Release|x64.Build.0 = Release|Win32
		{3232A0B0-9DE6-434A-88C8-06833691B9A8}.Release|x86.ActiveCfg = Release|Win32
		{3232A0B0-9DE6-434A-88C8-06833691B9A8}.Release|x86.Build.0 = Release|Win32
		{8B33F5F9-41A2-4365-8310-C52BE51B0D97}.Debug|x64.ActiveCfg = Debug|Win32
		{8B33F5F9-41A2-4365-8310-C52BE51B0D97}.Debug|x64.Build.0 = Debug|Win32
		{8B33F5F9-41A2-4365-8310-C52BE51B0D97}.Debug|x86.ActiveCfg = Debug|Win32
		{8B33F5F9-41A2-4365-8310-C52BE51B0D97}.Debug|x86.Build.0 = Debug|Win32
		{8B33F5F9-41A2-4365-8310-C52BE51B0D97}.Hybrid|x64.ActiveCfg = Hybrid|Win32
		{8B33F5F9-41A2-4365-8310-C52BE51B0D97}.Hybrid|x64.Build.0 = Hybrid|Win32
		{8B33F5F9-41A2-4365-8310-C52BE51B0D97}.Hybrid|x86.ActiveCfg = Hybrid|Win32
		{8B33F5F9-41A2-4365-8310-C52BE51B0D97}.Hybrid|x86.Build.0 = Hybrid|Win32
		{8B33F5F9-41A2-4365-8310-C52BE51B0D97}.Release|x64.ActiveCfg = Release|Win32
		{8B33F5F9-41A2-4365-8310-C52BE51B0D97}.Release|x64.Build.0 = Release|Win32
		{8B33F5F9-41A2-4365-8310-C52BE51B0D97}.Release|x86.ActiveCfg = Release|Win32
		{8B33F5F9-41A2-4365-8310-C52BE51B0D97}.Release|x86.Build.0 = Release|Win32
		{15521B64-0586-4404-9CF8-9590C13615B9}.Debug|x64.ActiveCfg = Debug|x64
		{15521B64-0586-4404-9CF8-9590C13615B9}.Debug|x64.Build.0 = Debug|x64
		{15521B64-0586-4404-9CF8-9590C13615B9}.Debug|x86.ActiveCfg = Debug|Win32
		{15521B64-0586-4404-9CF8-9590C13615B9}.Debug|x86.Build.0 = Debug|Win32
		{15521B64-0586-4404-9CF8-9590C13615B9}.Hybrid|x64.ActiveCfg = Release|Win32
		{15521B64-0586-4404-9CF8-9590C13615B9}.Hybrid|x64.Build.0 = Release|Win32
		{15521B64-0586-4404-9CF8-9590C13615B9}.Hybrid|x86.ActiveCfg = Debug|Win32
		{15521B64-0586-4404-9CF8-9590C13615B9}.Hybrid|x86.Build.0 = Debug|Win32
		{15521B64-0586-4404-9CF8-9590C13615B9}.Release|x64.ActiveCfg = Release|x64
		{15521B64-0586-4404-9CF8-9590C13615B9}.Release|x64.Build.0 = Release|x64
		{15521B64-0586-4404-9CF8-9590C13615B9}.Release|x86.ActiveCfg = Release|Win32
		{15521B64-0586-4404-9CF8-9590C13615B9}.Release|x86.Build.0 = Release|Win32
		{EA11FDAA-7D0A-49A9-97A0-E28E78609516}.Debug|x64.ActiveCfg = Debug|x64
		{EA11FDAA-7D0A-49A9-97A0-E28E78609516}.Debug|x64.Build.0 = Debug|x64
		{EA11FDAA-7D0A-49A9-97A0-E28E78609516}.Debug|x86.ActiveCfg = Debug|Win32
		{EA11FDAA-7D0A-49A9-97A0-E28E78609516}.Debug|x86.Build.0 = Debug|Win32
		{EA11FDAA-7D0A-49A9-97A0-E28E78609516}.Hybrid|x64.ActiveCfg = Release|Win32
		{EA11FDAA-7D0A-49A9-97A0-E28E78609516}.Hybrid|x64.Build.0 = Release|Win32
		{EA11FDAA-7D0A-49A9-97A0-E28E78609516}.Hybrid|x86.ActiveCfg = Debug|Win32
		{EA11FDAA-7D0A-49A9-97A0-E28E78609516}.Hybrid|x86.Build.0 = Debug|Win32
		{EA11FDAA-7D0A-49A9-97A0-E28E78609516}.Release|x64.ActiveCfg = Release|x64
		{EA11FDAA-7D0A-49A9-97A0-E28E78609516}.Release|x64.Build.0 = Release|x64
		{EA11FDAA-7D0A-49A9-97A0-E28E78609516}.Release|x86.ActiveCfg = Release|Win32
		{EA11FDAA-7D0A-49A9-97A0-E28E78609516}.Release|x86.Build.0 = Release|Win32
		{43A0670A-B1B9-4146-AF72-413E339C3FAE}.Debug|x64.ActiveCfg = Debug|x64
		{43A0670A-B1B9-4146-AF72-413E339C3FAE}.Debug|x64.Build.0 = Debug|x64
		{43A0670A-B1B9-4146-AF72-413E339C3FAE}.Debug|x86.ActiveCfg = Debug|Win32
		{43A0670A-B1B9-4146-AF72-413E339C3FAE}.Debug|x86.Build.0 = Debug|Win32
		{43A0670A-B1B9-4146-AF72-413E339C3FAE}.Hybrid|x64.ActiveCfg = Release|Win32
		{43A0670A-B1B9-4146-AF72-413E339C3FAE}.Hybrid|x64.Build.0 = Release|Win32
		{43A0670A-B1B9-4146-AF72-413E339C3FAE}.Hybrid|x86.ActiveCfg = Debug|Win32
		{43A0670A-B1B9-4146-AF72-413E339C3FAE}.Hybrid|x86.Build.0 = Debug|Win32
		{43A0670A-B1B9-4146-AF72-413E339C3FAE}.Release|x64.ActiveCfg = Release|x64
		{43A0670A-B1B9-4146-AF72-413E339C3FAE}.Release|x64.Build.0 = Release|x64
		{43A0670A-B1B9-4146-AF72-413E339C3FAE}.Release|x86.ActiveCfg = Release|Win32
		{43A0670A-B1B9-4146-AF72-413E339C3FAE}.Release|x86.Build.0 = Release|Win32
		{72645D1D-C1D3-45BC-9C26-C994BCBFA0B0}.Debug|x64.ActiveCfg = Debug|Win32
		{72645D1D-C1D3-45BC-9C26-C994BCBFA0B0}.Debug|x64.Build.0 = Debug|Win32
		{72645D1D-C1D3-45BC-9C26-C994BCBFA0B0}.Debug|x86.ActiveCfg = Debug|Win32
		{72645D1D-C1D3-45BC-9C26-C994BCBFA0B0}.Debug|x86.Build.0 = Debug|Win32
		{72645D1D-C1D3-45BC-9C26-C994BCBFA0B0}.Hybrid|x64.ActiveCfg = Release|Win32
		{72645D1D-C1D3-45BC-9C26-C994BCBFA0B0}.Hybrid|x64.Build.0 = Release|Win32
		{72645D1D-C1D3-45BC-9C26-C994BCBFA0B0}.Hybrid|x86.ActiveCfg = Debug|Win32
		{72645D1D-C1D3-45BC-9C26-C994BCBFA0B0}.Hybrid|x86.Build.0 = Debug|Win32
		{72645D1D-C1D3-45BC-9C26-C994BCBFA0B0}.Release|x64.ActiveCfg = Release|Win32
		{72645D1D-C1D3-45BC-9C26-C994BCBFA0B0}.Release|x64.Build.0 = Release|Win32
		{72645D1D-C1D3-45BC-9C26-C994BCBFA0B0}.Release|x86.ActiveCfg = Release|Win32
		{72645D1D-C1D3-45BC-9C26-C994BCBFA0B0}.Release|x86.Build.0 = Release|Win32
		{0D374C53-0086-40D3-864C-406A0AADAB08}.Debug|x64.ActiveCfg = Debug|Win32
		{0D374C53-0086-40D3-864C-406A0AADAB08}.Debug|x64.Build.0 = Debug|Win32
		{0D374C53-0086-40D3-864C-406A0AADAB08}.Debug|x86.ActiveCfg = Debug|Win32
		{0D374C53-0086-40D3-864C-406A0AADAB08}.Debug|x86.Build.0 = Debug|Win32
		{0D374C53-0086-40D3-864C-406A0AADAB08}.Hybrid|x64.ActiveCfg = Release|Win32
		{0D374C53-0086-40D3-864C-406A0AADAB08}.Hybrid|x64.Build.0 = Release|Win32
		{0D374C53-0086-40D3-864C-406A0AADAB08}.Hybrid|x86.ActiveCfg = Debug|Win32
		{0D374C53-0086-40D3-864C-406A0AADAB08}.Hybrid|x86.Build.0 = Debug|Win32
		{0D374C53-0086-40D3-864C-406A0AADAB08}.Release|x64.ActiveCfg = Release|Win32
		{0D374C53-0086-40D3-864C-406A0AADAB08}.Release|x64.Build.0 = Release|Win32
		{0D374C53-0086-40D3-864C-406A0AADAB08}.Release|x86.ActiveCfg = Release|Win32
		{0D374C53-0086-40D3-864C-406A0AADAB08}.Release|x86.Build.0 = Release|Win32
		{30AE0A2F-6A7B-4680-B346-A442F92EBED3}.Debug|x64.ActiveCfg = Debug|Win32
		{30AE0A2F-6A7B-4680-B346-A442F92EBED3}.Debug|x64.Build.0 = Debug|Win32
		{30AE0A2F-6A7B-4680-B346-A442F92EBED3}.Debug|x86.ActiveCfg = Debug|Win32
		{30AE0A2F-6A7B-4680-B346-A442F92EBED3}.Debug|x86.Build.0 = Debug|Win32
		{30AE0A2F-6A7B-4680-B346-A442F92EBED3}.Hybrid|x64.ActiveCfg = Release|Win32
		{30AE0A2F-6A7B-4680-B346-A442F92EBED3}.Hybrid|x64.Build.0 = Release|Win32
		{30AE0A2F-6A7B-4680-B346-A442F92EBED3}.Hybrid|x86.ActiveCfg = Debug|Win32
		{30AE0A2F-6A7B-4680-B346-A442F92EBED3}.Hybrid|x86.Build.0 = Debug|Win32
		{30AE0A2F-6A7B-4680-B346-A442F92EBED3}.Release|x64.ActiveCfg = Release|Win32
		{30AE0A2F-6A7B-4680-B346-A442F92EBED3}.Release|x64.Build.0 = Release|Win32
		{30AE0A2F-6A7B-4680-B346-A442F92EBED3}.Release|x86.ActiveCfg = Release|Win32
		{30AE0A2F-6A7B-4680-B346-A442F92EBED3}.Release|x86.Build.0 = Release|Win32
		{5580CE27-80F7-4209-8504-89E18302CC4B}.Debug|x64.ActiveCfg = Debug|Win32
		{5580CE27-80F7-4209-8504-89E18302CC4B}.Debug|x64.Build.0 = Debug|Win32
		{5580CE27-80F7-4209-8504-89E18302CC4B}.Debug|x86.ActiveCfg = Debug|Win32
		{5580CE27-80F7-4209-8504-89E18302CC4B}.Debug|x86.Build.0 = Debug|Win32
		{5580CE27-80F7-4209-8504-89E18302CC4B}.Hybrid|x64.ActiveCfg = Release|Win32
		{5580CE27-80F7-4209-8504-89E18302CC4B}.Hybrid|x64.Build.0 = Release|Win32
		{5580CE27-80F7-4209-8504-89E18302CC4B}.Hybrid|x86.ActiveCfg = Debug|Win32
		{5580CE27-80F7-4209-8504-89E18302CC4B}.Hybrid|x86.Build.0 = Debug|Win32
		{5580CE27-80F7-4209-8504-89E18302CC4B}.Release|x64.ActiveCfg = Release|Win32
		{5580CE27-80F7-4209-8504-89E18302CC4B}.Release|x64.Build.0 = Release|Win32
		{5580CE27-80F7-4209-8504-89E18302CC4B}.Release|x86.ActiveCfg = Release|Win32
		{5580CE27-80F7-4209-8504-89E18302CC4B}.Release|x86.Build.0 = Release|Win32
		{2777026F-82E7-484B-8E1E-53637B7820D5}.Debug|x64.ActiveCfg = Debug|x64
		{2777026F-82E7-484B-8E1E-53637B7820D5}.Debug|x64.Build.0 = Debug|x64
		{2777026F-82E7-484B-8E1E-53637B7820D5}.Debug|x86.ActiveCfg = Debug|Win32
		{2777026F-82E7-484B-8E1E-53637B7820D5}.Debug|x86.Build.0 = Debug|Win32
		{2777026F-82E7-484B-8E1E-53637B7820D5}.Hybrid|x64.ActiveCfg = Release|Win32
		{2777026F-82E7-484B-8E1E-53637B7820D5}.Hybrid|x64.Build.0 = Release|Win32
		{2777026F-82E7-484B-8E1E-53637B7820D5}.Hybrid|x86.ActiveCfg = Debug|Win32
		{2777026F-82E7-484B-8E1E-53637B7820D5}.Hybrid|x86.Build.0 = Debug|Win32
		{2777026F-82E7-484B-8E1E-53637B7820D5}.Release|x64.ActiveCfg = Release|x64
		{2777026F-82E7-484B-8E1E-53637B7820D5}.Release|x64.Build.0 = Release|x64
		{2777026F-82E7-484B-8E1E-53637B7820D5}.Release|x86.ActiveCfg = Release|Win32
		{2777026F-82E7-484B-8E1E-53637B7820D5}.Release|x86.Build.0 = Release|Win32
		{CA4D37D5-5968-4F3A-9D56-06B21F9441D1}.Debug|x64.ActiveCfg = Debug|Win32
		{CA4D37D5-5968-4F3A-9D56-06B21F9441D1}.Debug|x64.Build.0 = Debug|Win32
		{CA4D37D5-5968-4F3A-9D56-06B21F9441D1}.Debug|x86.ActiveCfg = Debug|Win32
		{CA4D37D5-5968-4F3A-9D56-06B21F9441D1}.Debug|x86.Build.0 = Debug|Win32
		{CA4D37D5-5968-4F3A-9D56-06B21F9441D1}.Hybrid|x64.ActiveCfg = Release|Win32
		{CA4D37D5-5968-4F3A-9D56-06B21F9441D1}.Hybrid|x64.Build.0 = Release|Win32
		{CA4D37D5-5968-4F3A-9D56-06B21F9441D1}.Hybrid|x86.ActiveCfg = Debug|Win32
		{CA4D37D5-5968-4F3A-9D56-06B21F9441D1}.Hybrid|x86.Build.0 = Debug|Win32
		{CA4D37D5-5968-4F3A-9D56-06B21F9441D1}.Release|x64.ActiveCfg = Release|Win32
		{CA4D37D5-5968-4F3A-9D56-06B21F9441D1}.Release|x64.Build.0 = Release|Win32
		{CA4D37D5-5968-4F3A-9D56-06B21F9441D1}.Release|x86.ActiveCfg = Release|Win32
		{CA4D37D5-5968-4F3A-9D56-06B21F9441D1}.Release|x86.Build.0 = Release|Win32
		{310B2258-B64F-4918-BC7B-952CE30F2143}.Debug|x64.ActiveCfg = Debug|Win32
		{310B2258-B64F-4918-BC7B-952CE30F2143}.Debug|x64.Build.0 = Debug|Win32
		{310B2258-B64F-4918-BC7B-952CE30F2143}.Debug|x86.ActiveCfg = Debug|Win32
		{310B2258-B64F-4918-BC7B-952CE30F2143}.Debug|x86.Build.0 = Debug|Win32
		{310B2258-B64F-4918-BC7B-952CE30F2143}.Hybrid|x64.ActiveCfg = Release|Win32
		{310B2258-B64F-4918-BC7B-952CE30F2143}.Hybrid|x64.Build.0 = Release|Win32
		{310B2258-B64F-4918-BC7B-952CE30F2143}.Hybrid|x86.ActiveCfg = Debug|Win32
		{310B2258-B64F-4918-BC7B-952CE30F2143}.Hybrid|x86.Build.0 = Debug|Win32
		{310B2258-B64F-4918-BC7B-952CE30F2143}.Release|x64.ActiveCfg = Release|Win32
		{310B2258-B64F-4918-BC7B-952CE30F2143}.Release|x64.Build.0 = Release|Win32
		{310B2258-B64F-4918-BC7B-952CE30F2143}.Release|x86.ActiveCfg = Release|Win32
		{310B2258-B64F-4918-BC7B-952CE30F2143}.Release|x86.Build.0 = Release|Win32
		{DE90A6E5-CBB7-4D05-BA33-19772F8E7929}.Debug|x64.ActiveCfg = Debug|Win32
		{DE90A6E5-CBB7-4D05-BA33-19772F8E7929}.Debug|x64.Build.0 = Debug|Win32
		{DE90A6E5-CBB7-4D05-BA33-19772F8E7929}.Debug|x86.ActiveCfg = Debug|Win32
		{DE90A6E5-CBB7-4D05-BA33-19772F8E7929}.Debug|x86.Build.0 = Debug|Win32
		{DE90A6E5-CBB7-4D05-BA33-19772F8E7929}.Hybrid|x64.ActiveCfg = Release|Win32
		{DE90A6E5-CBB7-4D05-BA33-19772F8E7929}.Hybrid|x64.Build.0 = Release|Win32
		{DE90A6E5-CBB7-4D05-BA33-19772F8E7929}.Hybrid|x86.ActiveCfg = Debug|Win32
		{DE90A6E5-CBB7-4D05-BA33-19772F8E7929}.Hybrid|x86.Build.0 = Debug|Win32
		{DE90A6E5-CBB7-4D05-BA33-19772F8E7929}.Release|x64.ActiveCfg = Release|Win32
		{DE90A6E5-CBB7-4D05-BA33-19772F8E7929}.Release|x64.Build.0 = Release|Win32
		{DE90A6E5-CBB7-4D05-BA33-19772F8E7929}.Release|x86.ActiveCfg = Release|Win32
		{DE90A6E5-CBB7-4D05-BA33-19772F8E7929}.Release|x86.Build.0 = Release|Win32
	EndGlobalSection
	GlobalSection(SolutionProperties) = preSolution
		HideSolutionNode = FALSE
	EndGlobalSection
	GlobalSection(ExtensibilityGlobals) = postSolution
		SolutionGuid = {8BB8A1E1-8DF2-456D-A44E-B6D64E80C9D6}
	EndGlobalSection
EndGlobal
